
Microsoft Visual Studio Solution File, Format Version 12.00
# Visual Studio 2015
Project("{FAE04EC0-301F-11D3-BF4B-00C04F79EFBC}") = "Fun Game.CSharp", "Fun Game.CSharp.csproj", "{F7319EEC-5D91-A51E-6FF3-EBA10F06A29B}"
EndProject
Global
	GlobalSection(SolutionConfigurationPlatforms) = preSolution
		Debug|Any CPU = Debug|Any CPU
		Release|Any CPU = Release|Any CPU
	EndGlobalSection
	GlobalSection(ProjectConfigurationPlatforms) = postSolution
		{F7319EEC-5D91-A51E-6FF3-EBA10F06A29B}.Debug|Any CPU.ActiveCfg = Debug|Any CPU
		{F7319EEC-5D91-A51E-6FF3-EBA10F06A29B}.Debug|Any CPU.Build.0 = Debug|Any CPU
		{F7319EEC-5D91-A51E-6FF3-EBA10F06A29B}.Release|Any CPU.ActiveCfg = Release|Any CPU
		{F7319EEC-5D91-A51E-6FF3-EBA10F06A29B}.Release|Any CPU.Build.0 = Release|Any CPU
	EndGlobalSection
	GlobalSection(SolutionProperties) = preSolution
		HideSolutionNode = FALSE
	EndGlobalSection
EndGlobal
